// !$*UTF8*$!
{
	archiveVersion = 1;
	classes = {
	};
	objectVersion = 46;
	objects = {

/* Begin PBXBuildFile section */
		24782CD21D198C5B0079C4EA /* AppDelegate.swift in Sources */ = {isa = PBXBuildFile; fileRef = 24782CD11D198C5B0079C4EA /* AppDelegate.swift */; };
		24782CD41D198C5B0079C4EA /* ViewController.swift in Sources */ = {isa = PBXBuildFile; fileRef = 24782CD31D198C5B0079C4EA /* ViewController.swift */; };
		24782CD71D198C5B0079C4EA /* Main.storyboard in Resources */ = {isa = PBXBuildFile; fileRef = 24782CD51D198C5B0079C4EA /* Main.storyboard */; };
		24782CD91D198C5B0079C4EA /* Assets.xcassets in Resources */ = {isa = PBXBuildFile; fileRef = 24782CD81D198C5B0079C4EA /* Assets.xcassets */; };
		24782CDC1D198C5B0079C4EA /* LaunchScreen.storyboard in Resources */ = {isa = PBXBuildFile; fileRef = 24782CDA1D198C5B0079C4EA /* LaunchScreen.storyboard */; };
/* End PBXBuildFile section */

/* Begin PBXFileReference section */
		24782CCE1D198C5B0079C4EA /* TipCalculator.app */ = {isa = PBXFileReference; explicitFileType = wrapper.application; includeInIndex = 0; path = TipCalculator.app; sourceTree = BUILT_PRODUCTS_DIR; };
		24782CD11D198C5B0079C4EA /* AppDelegate.swift */ = {isa = PBXFileReference; lastKnownFileType = sourcecode.swift; path = AppDelegate.swift; sourceTree = "<group>"; };
		24782CD31D198C5B0079C4EA /* ViewController.swift */ = {isa = PBXFileReference; lastKnownFileType = sourcecode.swift; path = ViewController.swift; sourceTree = "<group>"; };
		24782CD61D198C5B0079C4EA /* Base */ = {isa = PBXFileReference; lastKnownFileType = file.storyboard; name = Base; path = Base.lproj/Main.storyboard; sourceTree = "<group>"; };
		24782CD81D198C5B0079C4EA /* Assets.xcassets */ = {isa = PBXFileReference; lastKnownFileType = folder.assetcatalog; path = Assets.xcassets; sourceTree = "<group>"; };
		24782CDB1D198C5B0079C4EA /* Base */ = {isa = PBXFileReference; lastKnownFileType = file.storyboard; name = Base; path = Base.lproj/LaunchScreen.storyboard; sourceTree = "<group>"; };
		24782CDD1D198C5B0079C4EA /* Info.plist */ = {isa = PBXFileReference; lastKnownFileType = text.plist.xml; path = Info.plist; sourceTree = "<group>"; };
/* End PBXFileReference section */

/* Begin PBXFrameworksBuildPhase section */
		24782CCB1D198C5B0079C4EA /* Frameworks */ = {
			isa = PBXFrameworksBuildPhase;
			buildActionMask = 2147483647;
			files = (
			);
			runOnlyForDeploymentPostprocessing = 0;
		};
/* End PBXFrameworksBuildPhase section */

/* Begin PBXGroup section */
		24782CC51D198C5B0079C4EA = {
			isa = PBXGroup;
			children = (
				24782CD01D198C5B0079C4EA /* TipCalculator */,
				24782CCF1D198C5B0079C4EA /* Products */,
			);
			sourceTree = "<group>";
		};
		24782CCF1D198C5B0079C4EA /* Products */ = {
			isa = PBXGroup;
			children = (
				24782CCE1D198C5B0079C4EA /* TipCalculator.app */,
			);
			name = Products;
			sourceTree = "<group>";
		};
		24782CD01D198C5B0079C4EA /* TipCalculator */ = {
			isa = PBXGroup;
			children = (
				24782CD11D198C5B0079C4EA /* AppDelegate.swift */,
				24782CD31D198C5B0079C4EA /* ViewController.swift */,
				24782CD51D198C5B0079C4EA /* Main.storyboard */,
				24782CD81D198C5B0079C4EA /* Assets.xcassets */,
				24782CDA1D198C5B0079C4EA /* LaunchScreen.storyboard */,
				24782CDD1D198C5B0079C4EA /* Info.plist */,
			);
			path = TipCalculator;
			sourceTree = "<group>";
		};
/* End PBXGroup section */

/* Begin PBXNativeTarget section */
		24782CCD1D198C5B0079C4EA /* TipCalculator */ = {
			isa = PBXNativeTarget;
			buildConfigurationList = 24782CE01D198C5B0079C4EA /* Build configuration list for PBXNativeTarget "TipCalculator" */;
			buildPhases = (
				24782CCA1D198C5B0079C4EA /* Sources */,
				24782CCB1D198C5B0079C4EA /* Frameworks */,
				24782CCC1D198C5B0079C4EA /* Resources */,
			);
			buildRules = (
			);
			dependencies = (
			);
			name = TipCalculator;
			productName = TipCalculator;
			productReference = 24782CCE1D198C5B0079C4EA /* TipCalculator.app */;
			productType = "com.apple.product-type.application";
		};
/* End PBXNativeTarget section */

/* Begin PBXProject section */
		24782CC61D198C5B0079C4EA /* Project object */ = {
			isa = PBXProject;
			attributes = {
				LastSwiftUpdateCheck = 0730;
				LastUpgradeCheck = 0730;
				ORGANIZATIONNAME = twof;
				TargetAttributes = {
					24782CCD1D198C5B0079C4EA = {
						CreatedOnToolsVersion = 7.3.1;
						DevelopmentTeam = P2PP2EM79F;
					};
				};
			};
			buildConfigurationList = 24782CC91D198C5B0079C4EA /* Build configuration list for PBXProject "TipCalculator" */;
			compatibilityVersion = "Xcode 3.2";
			developmentRegion = English;
			hasScannedForEncodings = 0;
			knownRegions = (
				en,
				Base,
			);
			mainGroup = 24782CC51D198C5B0079C4EA;
			productRefGroup = 24782CCF1D198C5B0079C4EA /* Products */;
			projectDirPath = "";
			projectRoot = "";
			targets = (
				24782CCD1D198C5B0079C4EA /* TipCalculator */,
			);
		};
/* End PBXProject section */

/* Begin PBXResourcesBuildPhase section */
		24782CCC1D198C5B0079C4EA /* Resources */ = {
			isa = PBXResourcesBuildPhase;
			buildActionMask = 2147483647;
			files = (
				24782CDC1D198C5B0079C4EA /* LaunchScreen.storyboard in Resources */,
				24782CD91D198C5B0079C4EA /* Assets.xcassets in Resources */,
				24782CD71D198C5B0079C4EA /* Main.storyboard in Resources */,
			);
			runOnlyForDeploymentPostprocessing = 0;
		};
/* End PBXResourcesBuildPhase section */

/* Begin PBXSourcesBuildPhase section */
		24782CCA1D198C5B0079C4EA /* Sources */ = {
			isa = PBXSourcesBuildPhase;
			buildActionMask = 2147483647;
			files = (
				24782CD41D198C5B0079C4EA /* ViewController.swift in Sources */,
				24782CD21D198C5B0079C4EA /* AppDelegate.swift in Sources */,
			);
			runOnlyForDeploymentPostprocessing = 0;
		};
/* End PBXSourcesBuildPhase section */

/* Begin PBXVariantGroup section */
		24782CD51D198C5B0079C4EA /* Main.storyboard */ = {
			isa = PBXVariantGroup;
			children = (
				24782CD61D198C5B0079C4EA /* Base */,
			);
			name = Main.storyboard;
			sourceTree = "<group>";
		};
		24782CDA1D198C5B0079C4EA /* LaunchScreen.storyboard */ = {
			isa = PBXVariantGroup;
			children = (
				24782CDB1D198C5B0079C4EA /* Base */,
			);
			name = LaunchScreen.storyboard;
			sourceTree = "<group>";
		};
/* End PBXVariantGroup section */

/* Begin XCBuildConfiguration section */
		24782CDE1D198C5B0079C4EA /* Debug */ = {
			isa = XCBuildConfiguration;
			buildSettings = {
				ALWAYS_SEARCH_USER_PATHS = NO;
				CLANG_ANALYZER_NONNULL = YES;
				CLANG_CXX_LANGUAGE_STANDARD = "gnu++0x";
				CLANG_CXX_LIBRARY = "libc++";
				CLANG_ENABLE_MODULES = YES;
				CLANG_ENABLE_OBJC_ARC = YES;
				CLANG_WARN_BOOL_CONVERSION = YES;
				CLANG_WARN_CONSTANT_CONVERSION = YES;
				CLANG_WARN_DIRECT_OBJC_ISA_USAGE = YES_ERROR;
				CLANG_WARN_EMPTY_BODY = YES;
				CLANG_WARN_ENUM_CONVERSION = YES;
				CLANG_WARN_INT_CONVERSION = YES;
				CLANG_WARN_OBJC_ROOT_CLASS = YES_ERROR;
				CLANG_WARN_UNREACHABLE_CODE = YES;
				CLANG_WARN__DUPLICATE_METHOD_MATCH = YES;
				"CODE_SIGN_IDENTITY[sdk=iphoneos*]" = "iPhone Developer";
				COPY_PHASE_STRIP = NO;
				DEBUG_INFORMATION_FORMAT = dwarf;
				ENABLE_STRICT_OBJC_MSGSEND = YES;
				ENABLE_TESTABILITY = YES;
				GCC_C_LANGUAGE_STANDARD = gnu99;
				GCC_DYNAMIC_NO_PIC = NO;
				GCC_NO_COMMON_BLOCKS = YES;
				GCC_OPTIMIZATION_LEVEL = 0;
				GCC_PREPROCESSOR_DEFINITIONS = (
					"DEBUG=1",
					"$(inherited)",
				);
				GCC_WARN_64_TO_32_BIT_CONVERSION = YES;
				GCC_WARN_ABOUT_RETURN_TYPE = YES_ERROR;
				GCC_WARN_UNDECLARED_SELECTOR = YES;
				GCC_WARN_UNINITIALIZED_AUTOS = YES_AGGRESSIVE;
				GCC_WARN_UNUSED_FUNCTION = YES;
				GCC_WARN_UNUSED_VARIABLE = YES;
				IPHONEOS_DEPLOYMENT_TARGET = 9.3;
				MTL_ENABLE_DEBUG_INFO = YES;
				ONLY_ACTIVE_ARCH = YES;
				SDKROOT = iphoneos;
				SWIFT_OPTIMIZATION_LEVEL = "-Onone";
			};
			name = Debug;
		};
		24782CDF1D198C5B0079C4EA /* Release */ = {
			isa = XCBuildConfiguration;
			buildSettings = {
				ALWAYS_SEARCH_USER_PATHS = NO;
				CLANG_ANALYZER_NONNULL = YES;
				CLANG_CXX_LANGUAGE_STANDARD = "gnu++0x";
				CLANG_CXX_LIBRARY = "libc++";
				CLANG_ENABLE_MODULES = YES;
				CLANG_ENABLE_OBJC_ARC = YES;
				CLANG_WARN_BOOL_CONVERSION = YES;
				CLANG_WARN_CONSTANT_CONVERSION = YES;
				CLANG_WARN_DIRECT_OBJC_ISA_USAGE = YES_ERROR;
				CLANG_WARN_EMPTY_BODY = YES;
				CLANG_WARN_ENUM_CONVERSION = YES;
				CLANG_WARN_INT_CONVERSION = YES;
				CLANG_WARN_OBJC_ROOT_CLASS = YES_ERROR;
				CLANG_WARN_UNREACHABLE_CODE = YES;
				CLANG_WARN__DUPLICATE_METHOD_MATCH = YES;
				"CODE_SIGN_IDENTITY[sdk=iphoneos*]" = "iPhone Developer";
				COPY_PHASE_STRIP = NO;
				DEBUG_INFORMATION_FORMAT = "dwarf-with-dsym";
				ENABLE_NS_ASSERTIONS = NO;
				ENABLE_STRICT_OBJC_MSGSEND = YES;
				GCC_C_LANGUAGE_STANDARD = gnu99;
				GCC_NO_COMMON_BLOCKS = YES;
				GCC_WARN_64_TO_32_BIT_CONVERSION = YES;
				GCC_WARN_ABOUT_RETURN_TYPE = YES_ERROR;
				GCC_WARN_UNDECLARED_SELECTOR = YES;
				GCC_WARN_UNINITIALIZED_AUTOS = YES_AGGRESSIVE;
				GCC_WARN_UNUSED_FUNCTION = YES;
				GCC_WARN_UNUSED_VARIABLE = YES;
				IPHONEOS_DEPLOYMENT_TARGET = 9.3;
				MTL_ENABLE_DEBUG_INFO = NO;
				SDKROOT = iphoneos;
				VALIDATE_PRODUCT = YES;
			};
			name = Release;
		};
		24782CE11D198C5B0079C4EA /* Debug */ = {
			isa = XCBuildConfiguration;
			buildSettings = {
				ASSETCATALOG_COMPILER_APPICON_NAME = AppIcon;
				INFOPLIST_FILE = TipCalculator/Info.plist;
				LD_RUNPATH_SEARCH_PATHS = "$(inherited) @executable_path/Frameworks";
				PRODUCT_BUNDLE_IDENTIFIER = com.twof.TipCalculator;
				PRODUCT_NAME = "$(TARGET_NAME)";
			};
			name = Debug;
		};
		24782CE21D198C5B0079C4EA /* Release */ = {
			isa = XCBuildConfiguration;
			buildSettings = {
				ASSETCATALOG_COMPILER_APPICON_NAME = AppIcon;
				INFOPLIST_FILE = TipCalculator/Info.plist;
				LD_RUNPATH_SEARCH_PATHS = "$(inherited) @executable_path/Frameworks";
				PRODUCT_BUNDLE_IDENTIFIER = com.twof.TipCalculator;
				PRODUCT_NAME = "$(TARGET_NAME)";
			};
			name = Release;
		};
/* End XCBuildConfiguration section */

/* Begin XCConfigurationList section */
		24782CC91D198C5B0079C4EA /* Build configuration list for PBXProject "TipCalculator" */ = {
			isa = XCConfigurationList;
			buildConfigurations = (
				24782CDE1D198C5B0079C4EA /* Debug */,
				24782CDF1D198C5B0079C4EA /* Release */,
			);
			defaultConfigurationIsVisible = 0;
			defaultConfigurationName = Release;
		};
		24782CE01D198C5B0079C4EA /* Build configuration list for PBXNativeTarget "TipCalculator" */ = {
			isa = XCConfigurationList;
			buildConfigurations = (
				24782CE11D198C5B0079C4EA /* Debug */,
				24782CE21D198C5B0079C4EA /* Release */,
			);
			defaultConfigurationIsVisible = 0;
		};
/* End XCConfigurationList section */
	};
	rootObject = 24782CC61D198C5B0079C4EA /* Project object */;
}
